<?xml version="1.0" encoding="UTF-8" standalone="yes" ?>
<CodeBlocks_project_file>
	<FileVersion major="1" minor="6" />
	<Project>
		<Option title="FEM_Project" />
		<Option pch_mode="2" />
		<Option compiler="gcc" />
		<Build>
			<Target title="Debug">
				<Option output="bin/Debug/FEM_Project" prefix_auto="1" extension_auto="1" />
				<Option object_output="obj/Debug/" />
				<Option type="1" />
				<Option compiler="gcc" />
				<Compiler>
					<Add option="-g" />
				</Compiler>
			</Target>
			<Target title="Release">
				<Option output="bin/Release/FEM_Project" prefix_auto="1" extension_auto="1" />
				<Option object_output="obj/Release/" />
				<Option type="1" />
				<Option compiler="gcc" />
				<Compiler>
					<Add option="-O2" />
				</Compiler>
				<Linker>
					<Add option="-s" />
				</Linker>
			</Target>
		</Build>
		<Compiler>
			<Add option="-Wall" />
		</Compiler>
		<Unit filename="Driver.cpp" />
		<Unit filename="Element.cpp" />
		<Unit filename="Element.hpp" />
		<Unit filename="FE_Solution.cpp" />
		<Unit filename="FE_Solution.hpp" />
		<Unit filename="Interval.cpp" />
		<Unit filename="Interval.hpp" />
		<Unit filename="Matrix.cpp" />
		<Unit filename="Matrix.hpp" />
		<Unit filename="Mesh.cpp" />
		<Unit filename="Mesh.hpp" />
		<Unit filename="PolynomialSpace.cpp" />
		<Unit filename="PolynomialSpace.hpp" />
		<Unit filename="QuadratureLibrary.cpp" />
		<Unit filename="QuadratureLibrary.hpp" />
		<Unit filename="Quadrilateral.cpp" />
		<Unit filename="Quadrilateral.hpp" />
		<Unit filename="SP_FEM.hpp" />
		<Unit filename="SparseMatrix.cpp" />
		<Unit filename="SparseMatrix.hpp" />
		<Unit filename="Triangle.cpp" />
		<Unit filename="Triangle.hpp" />
		<Unit filename="Vector.cpp" />
		<Unit filename="Vector.hpp" />
		<Extensions>
			<code_completion />
			<envvars />
			<debugger />
		</Extensions>
	</Project>
</CodeBlocks_project_file>
